# This file is automatically @generated by Cargo.
# It is not intended for manual editing.
version = 3

[[package]]
name = "PwM-Rust"
version = "0.1.0"
dependencies = [
 "base64 0.21.2",
 "rust-argon2",
]

[[package]]
name = "arrayref"
version = "0.3.7"
source = "registry+https://github.com/rust-lang/crates.io-index"
checksum = "6b4930d2cb77ce62f89ee5d5289b4ac049559b1c45539271f5ed4fdc7db34545"

[[package]]
name = "arrayvec"
version = "0.7.4"
source = "registry+https://github.com/rust-lang/crates.io-index"
checksum = "96d30a06541fbafbc7f82ed10c06164cfbd2c401138f6addd8404629c4b16711"

[[package]]
name = "base64"
version = "0.13.1"
source = "registry+https://github.com/rust-lang/crates.io-index"
checksum = "9e1b586273c5702936fe7b7d6896644d8be71e6314cfe09d3167c95f712589e8"

[[package]]
name = "base64"
version = "0.21.2"
source = "registry+https://github.com/rust-lang/crates.io-index"
checksum = "604178f6c5c21f02dc555784810edfb88d34ac2c73b2eae109655649ee73ce3d"

[[package]]
name = "blake2b_simd"
version = "1.0.1"
source = "registry+https://github.com/rust-lang/crates.io-index"
checksum = "3c2f0dc9a68c6317d884f97cc36cf5a3d20ba14ce404227df55e1af708ab04bc"
dependencies = [
 "arrayref",
 "arrayvec",
 "constant_time_eq 0.2.6",
]

[[package]]
name = "cfg-if"
version = "1.0.0"
source = "registry+https://github.com/rust-lang/crates.io-index"
checksum = "baf1de4339761588bc0619e3cbc0120ee582ebb74b53b4efbf79117bd2da40fd"

[[package]]
name = "constant_time_eq"
version = "0.1.5"
source = "registry+https://github.com/rust-lang/crates.io-index"
checksum = "245097e9a4535ee1e3e3931fcfcd55a796a44c643e8596ff6566d68f09b87bbc"

[[package]]
name = "constant_time_eq"
version = "0.2.6"
source = "registry+https://github.com/rust-lang/crates.io-index"
checksum = "21a53c0a4d288377e7415b53dcfc3c04da5cdc2cc95c8d5ac178b58f0b861ad6"

[[package]]
name = "crossbeam-utils"
version = "0.8.16"
source = "registry+https://github.com/rust-lang/crates.io-index"
checksum = "5a22b2d63d4d1dc0b7f1b6b2747dd0088008a9be28b6ddf0b1e7d335e3037294"
dependencies = [
 "cfg-if",
]

[[package]]
name = "rust-argon2"
version = "1.0.0"
source = "registry+https://github.com/rust-lang/crates.io-index"
checksum = "b50162d19404029c1ceca6f6980fe40d45c8b369f6f44446fa14bb39573b5bb9"
dependencies = [
 "base64 0.13.1",
 "blake2b_simd",
 "constant_time_eq 0.1.5",
 "crossbeam-utils",
]
